{
  "name": "query-pouch-gtfs",
  "version": "2.0.4",
  "lockfileVersion": 1,
  "requires": true,
  "dependencies": {
    "@types/debug": {
      "version": "0.0.31",
      "resolved": "https://registry.npmjs.org/@types/debug/-/debug-0.0.31.tgz",
      "integrity": "sha512-LS1MCPaQKqspg7FvexuhmDbWUhE2yIJ+4AgVIyObfc06/UKZ8REgxGNjZc82wPLWmbeOm7S+gSsLgo75TanG4A==",
      "dev": true
    },
    "@types/geojson": {
      "version": "1.0.2",
      "resolved": "https://registry.npmjs.org/@types/geojson/-/geojson-1.0.2.tgz",
      "integrity": "sha1-sC0QqwKOKSisWSoFGqpJgaGUHQM=",
      "dev": true
    },
    "@types/jest": {
      "version": "19.2.4",
      "resolved": "https://registry.npmjs.org/@types/jest/-/jest-19.2.4.tgz",
      "integrity": "sha512-w9nmNHHkl9lNeOorjz1a7BLUd6zTa3pakNx2qkKCVtYS44L7taPcJB8l1kQWVOIa7kN08qwlyS11A1nz2yUvWQ==",
      "dev": true
    },
    "@types/moment-range": {
      "version": "3.0.0",
      "resolved": "https://registry.npmjs.org/@types/moment-range/-/moment-range-3.0.0.tgz",
      "integrity": "sha1-LX5hHF6jSZBhFWHAovSoRVZ0vBk=",
      "dev": true
    },
    "@types/node": {
      "version": "10.12.12",
      "resolved": "https://registry.npmjs.org/@types/node/-/node-10.12.12.tgz",
      "integrity": "sha512-Pr+6JRiKkfsFvmU/LK68oBRCQeEg36TyAbPhc2xpez24OOZZCuoIhWGTd39VZy6nGafSbxzGouFPTFD/rR1A0A==",
      "dev": true
    },
    "@types/node-fetch": {
      "version": "2.1.4",
      "resolved": "https://registry.npmjs.org/@types/node-fetch/-/node-fetch-2.1.4.tgz",
      "integrity": "sha512-tR1ekaXUGpmzOcDXWU9BW73YfA2/VW1DF1FH+wlJ82BbCSnWTbdX+JkqWQXWKIGsFPnPsYadbXfNgz28g+ccWg==",
      "dev": true,
      "requires": {
        "@types/node": "*"
      }
    },
    "@types/pouchdb": {
      "version": "6.3.2",
      "resolved": "https://registry.npmjs.org/@types/pouchdb/-/pouchdb-6.3.2.tgz",
      "integrity": "sha512-ZiBUj/DX2lxl2pADevFof4e/wUhen6XuN6qmKNINX6yrMi2+gMjJaK/IoIjpMAANB1opw1u5pUhvwv5uflzA/Q==",
      "dev": true,
      "requires": {
        "@types/pouchdb-adapter-fruitdown": "*",
        "@types/pouchdb-adapter-http": "*",
        "@types/pouchdb-adapter-idb": "*",
        "@types/pouchdb-adapter-leveldb": "*",
        "@types/pouchdb-adapter-localstorage": "*",
        "@types/pouchdb-adapter-memory": "*",
        "@types/pouchdb-adapter-node-websql": "*",
        "@types/pouchdb-adapter-websql": "*",
        "@types/pouchdb-browser": "*",
        "@types/pouchdb-core": "*",
        "@types/pouchdb-http": "*",
        "@types/pouchdb-mapreduce": "*",
        "@types/pouchdb-node": "*",
        "@types/pouchdb-replication": "*"
      }
    },
    "@types/pouchdb-adapter-fruitdown": {
      "version": "6.1.2",
      "resolved": "https://registry.npmjs.org/@types/pouchdb-adapter-fruitdown/-/pouchdb-adapter-fruitdown-6.1.2.tgz",
      "integrity": "sha512-Jec2SlofeKi2PIFIXdKtKg8CyFqYlOUIAV+LYtEw0F9izpQsvK1IcagTbl4yLu+X7EdoeDu0mLpveQ1BEiHXlw==",
      "dev": true,
      "requires": {
        "@types/pouchdb-core": "*"
      }
    },
    "@types/pouchdb-adapter-http": {
      "version": "6.1.2",
      "resolved": "https://registry.npmjs.org/@types/pouchdb-adapter-http/-/pouchdb-adapter-http-6.1.2.tgz",
      "integrity": "sha512-qBOVja5q++gFu9322ZOYTnmPIn11jcMol0yq81I6ylq66vIG6qocA19IQIivDa04qKG6mBLObhGzknUaqypgNw==",
      "dev": true,
      "requires": {
        "@types/pouchdb-core": "*"
      }
    },
    "@types/pouchdb-adapter-idb": {
      "version": "6.1.2",
      "resolved": "https://registry.npmjs.org/@types/pouchdb-adapter-idb/-/pouchdb-adapter-idb-6.1.2.tgz",
      "integrity": "sha512-qsfCkXKEjE0A/OtGumpGt6ODDmsLt/NOrMb0c0lI7c/vWtsDJC86Kk8dnNhkk1XOOKkopr2/L3stvTE/IfKTMg==",
      "dev": true,
      "requires": {
        "@types/pouchdb-core": "*"
      }
    },
    "@types/pouchdb-adapter-leveldb": {
      "version": "6.1.2",
      "resolved": "https://registry.npmjs.org/@types/pouchdb-adapter-leveldb/-/pouchdb-adapter-leveldb-6.1.2.tgz",
      "integrity": "sha512-YZNGO2fKuqbj0o32fVdxOA8jhA4AQkjMU19Gm0ktAeBPvG4fQDKXvVZsQewCDS5i4pfy2OZZ/sOT9nxrB3gnbg==",
      "dev": true,
      "requires": {
        "@types/pouchdb-core": "*"
      }
    },
    "@types/pouchdb-adapter-localstorage": {
      "version": "6.1.2",
      "resolved": "https://registry.npmjs.org/@types/pouchdb-adapter-localstorage/-/pouchdb-adapter-localstorage-6.1.2.tgz",
      "integrity": "sha512-mVp5naEHkHtPQiWDSIYaWyQmeYeBirRVJVj73i8oatAvJtdMYGZrWYSxZhxu+zohSX7GUoU0aFknFsGWbHMieQ==",
      "dev": true,
      "requires": {
        "@types/pouchdb-core": "*"
      }
    },
    "@types/pouchdb-adapter-memory": {
      "version": "6.1.2",
      "resolved": "https://registry.npmjs.org/@types/pouchdb-adapter-memory/-/pouchdb-adapter-memory-6.1.2.tgz",
      "integrity": "sha512-qNRBLqOA+NMOHqsw2eHQDtb0PobiEOYPYWwjAgPTeM/5HLo+d7xuOiE9Br0PgnXTJnpu8D4KO6htOgnkEb7x0w==",
      "dev": true,
      "requires": {
        "@types/pouchdb-core": "*"
      }
    },
    "@types/pouchdb-adapter-node-websql": {
      "version": "6.1.2",
      "resolved": "https://registry.npmjs.org/@types/pouchdb-adapter-node-websql/-/pouchdb-adapter-node-websql-6.1.2.tgz",
      "integrity": "sha512-GY0Zq92lkQtOoIFeMMPfXnhO0jAh3es/BlqB9vbPqxoTLTxC40oeVg8RPP4ODbGRI5nyMvhX7kvJr7HEMExZCA==",
      "dev": true,
      "requires": {
        "@types/pouchdb-adapter-websql": "*",
        "@types/pouchdb-core": "*"
      }
    },
    "@types/pouchdb-adapter-websql": {
      "version": "6.1.2",
      "resolved": "https://registry.npmjs.org/@types/pouchdb-adapter-websql/-/pouchdb-adapter-websql-6.1.2.tgz",
      "integrity": "sha512-IjnRVo6u9fAiGl635wmmNXBioPBM66Z/bMeNcmLT71D5DdjK8bQMSWAXYQhL3iIh31qQsDPiR8tkrDSrNMJWIA==",
      "dev": true,
      "requires": {
        "@types/pouchdb-core": "*"
      }
    },
    "@types/pouchdb-browser": {
      "version": "6.1.2",
      "resolved": "https://registry.npmjs.org/@types/pouchdb-browser/-/pouchdb-browser-6.1.2.tgz",
      "integrity": "sha512-SC/bapNNJOeUI0zeJ04N2l3SKHu6vDL8G/94HnGhLgOhqGnrGKWreoJv9E5piXjMvaLhdBHwA2y8VJEoqb03bA==",
      "dev": true,
      "requires": {
        "@types/pouchdb-adapter-http": "*",
        "@types/pouchdb-adapter-idb": "*",
        "@types/pouchdb-adapter-websql": "*",
        "@types/pouchdb-core": "*",
        "@types/pouchdb-mapreduce": "*",
        "@types/pouchdb-replication": "*"
      }
    },
    "@types/pouchdb-core": {
      "version": "7.0.0",
      "resolved": "https://registry.npmjs.org/@types/pouchdb-core/-/pouchdb-core-7.0.0.tgz",
      "integrity": "sha512-Y6WvwyYPSspAXe3pOoVRDlgTp1VysOHjb5tQwHceFMmcKl9v9WQTrYuXi1FIUajm0F+riaKEuFyYQrAQMrpycQ==",
      "dev": true,
      "requires": {
        "@types/debug": "*",
        "@types/node-fetch": "*",
        "@types/pouchdb-find": "*"
      }
    },
    "@types/pouchdb-find": {
      "version": "6.3.3",
      "resolved": "https://registry.npmjs.org/@types/pouchdb-find/-/pouchdb-find-6.3.3.tgz",
      "integrity": "sha512-VF/t7JzoNxybPQCav0aWmb9TDuqXj7hYhOat/Ys8zITZ1o35FujJOKmBZdV5gtCC2aDQMBjaD6VVUxcwvF8NWA==",
      "dev": true,
      "requires": {
        "@types/pouchdb-core": "*"
      }
    },
    "@types/pouchdb-http": {
      "version": "6.1.2",
      "resolved": "https://registry.npmjs.org/@types/pouchdb-http/-/pouchdb-http-6.1.2.tgz",
      "integrity": "sha512-M91m92r6K3LmjJ2dz4DN9jOUPfAccYGo4y6J3y6sseq5Rws5uxVA5felBUI04AOvW7V2Hyjnn0/UhBcVcZzX7g==",
      "dev": true,
      "requires": {
        "@types/pouchdb-adapter-http": "*",
        "@types/pouchdb-core": "*"
      }
    },
    "@types/pouchdb-mapreduce": {
      "version": "6.1.3",
      "resolved": "https://registry.npmjs.org/@types/pouchdb-mapreduce/-/pouchdb-mapreduce-6.1.3.tgz",
      "integrity": "sha512-ZXA5bZO/fHQgYfdTj04frxFEi6DWiflcfFoUAeyiBzyVeCsSIkdHS2UwBjbu9Szcci3jKT8U9d3mruLwsRmOaQ==",
      "dev": true,
      "requires": {
        "@types/pouchdb-core": "*"
      }
    },
    "@types/pouchdb-node": {
      "version": "6.1.2",
      "resolved": "https://registry.npmjs.org/@types/pouchdb-node/-/pouchdb-node-6.1.2.tgz",
      "integrity": "sha512-A3zqpBoJLNSWHsiHnWr6dkI+nap/Ij+6loKKFqYwAi6PhNDH5yB+lKmgdq2cv8I2BUTlLDLO6dQ/wdVGt3WjYg==",
      "dev": true,
      "requires": {
        "@types/pouchdb-adapter-http": "*",
        "@types/pouchdb-adapter-leveldb": "*",
        "@types/pouchdb-core": "*",
        "@types/pouchdb-mapreduce": "*",
        "@types/pouchdb-replication": "*"
      }
    },
    "@types/pouchdb-replication": {
      "version": "6.4.0",
      "resolved": "https://registry.npmjs.org/@types/pouchdb-replication/-/pouchdb-replication-6.4.0.tgz",
      "integrity": "sha512-+DEigPn5+Waoi9tL3EB4ES0Ry/3lNCRVzWsvWQNM3CiGWEwulBy8EnpeEbxIL8562XM2znv8+KaQzNy2psMvVQ==",
      "dev": true,
      "requires": {
        "@types/pouchdb-core": "*",
        "@types/pouchdb-find": "*"
      }
    },
    "babel-core": {
      "version": "6.24.1",
      "resolved": "https://registry.npmjs.org/babel-core/-/babel-core-6.24.1.tgz",
      "integrity": "sha1-jEKFZNzh4fQfszfsNPTDsCK1rYM=",
      "dev": true
    },
    "babel-plugin-istanbul": {
      "version": "4.1.4",
      "resolved": "https://registry.npmjs.org/babel-plugin-istanbul/-/babel-plugin-istanbul-4.1.4.tgz",
      "integrity": "sha1-GN3oS/POMp/d8/QQP66SFFbY5Yc=",
      "dev": true
    },
    "babel-plugin-transform-es2015-modules-commonjs": {
      "version": "6.24.1",
      "resolved": "https://registry.npmjs.org/babel-plugin-transform-es2015-modules-commonjs/-/babel-plugin-transform-es2015-modules-commonjs-6.24.1.tgz",
      "integrity": "sha1-0+MQtA72ZKNmIiAAl8bUQCmPK/4=",
      "dev": true
    },
    "babel-preset-jest": {
      "version": "20.0.3",
      "resolved": "https://registry.npmjs.org/babel-preset-jest/-/babel-preset-jest-20.0.3.tgz",
      "integrity": "sha1-y6yq3stdaJyh4d4TYOv8ZoYsF4o=",
      "dev": true
    },
    "docuri": {
      "version": "4.2.2",
      "resolved": "https://registry.npmjs.org/docuri/-/docuri-4.2.2.tgz",
      "integrity": "sha1-/cfPiwDvZIGSA0/MtZU5sT+uD24="
    },
    "graceful-fs": {
      "version": "4.1.11",
      "resolved": "https://registry.npmjs.org/graceful-fs/-/graceful-fs-4.1.11.tgz",
      "integrity": "sha1-Dovf5NHduIVNZOBOp8AOKgJuVlg=",
      "dev": true
    },
    "jest": {
      "version": "20.0.4",
      "resolved": "https://registry.npmjs.org/jest/-/jest-20.0.4.tgz",
      "integrity": "sha1-PdJgwpidba1nix6cxNkZRPbWAqw=",
      "dev": true,
      "dependencies": {
        "camelcase": {
          "version": "3.0.0",
          "resolved": "https://registry.npmjs.org/camelcase/-/camelcase-3.0.0.tgz",
          "integrity": "sha1-MvxLn82vhF/N9+c7uXysImHwqwo="
        },
        "jest-cli": {
          "version": "20.0.4",
          "resolved": "https://registry.npmjs.org/jest-cli/-/jest-cli-20.0.4.tgz",
          "integrity": "sha1-5TKxnYiuW8bEF+iwWTpv6VSx3JM="
        },
        "os-locale": {
          "version": "1.4.0",
          "resolved": "https://registry.npmjs.org/os-locale/-/os-locale-1.4.0.tgz",
          "integrity": "sha1-IPnxeuKe00XoveWDsT0gCYA8FNk="
        },
        "string-width": {
          "version": "1.0.2",
          "resolved": "https://registry.npmjs.org/string-width/-/string-width-1.0.2.tgz",
          "integrity": "sha1-EYvfW4zcUaKn5w0hHgfisLmxB9M="
        },
        "which-module": {
          "version": "1.0.0",
          "resolved": "https://registry.npmjs.org/which-module/-/which-module-1.0.0.tgz",
          "integrity": "sha1-u6Y8qGGUiZT/MHc2CJ47lgJsKk8="
        },
        "yargs": {
          "version": "7.1.0",
          "resolved": "https://registry.npmjs.org/yargs/-/yargs-7.1.0.tgz",
          "integrity": "sha1-a6MY6xaWFyf10oT46gA+jWFU0Mg="
        },
        "yargs-parser": {
          "version": "5.0.0",
          "resolved": "https://registry.npmjs.org/yargs-parser/-/yargs-parser-5.0.0.tgz",
          "integrity": "sha1-J17PDX/+Bcd+ZOfIbkzZS/DhIoo="
        }
      }
    },
    "jest-config": {
      "version": "20.0.4",
      "resolved": "https://registry.npmjs.org/jest-config/-/jest-config-20.0.4.tgz",
      "integrity": "sha1-43kwqyIXyRNgXv8T5712PsSPruo=",
      "dev": true
    },
    "jest-util": {
      "version": "20.0.3",
      "resolved": "https://registry.npmjs.org/jest-util/-/jest-util-20.0.3.tgz",
      "integrity": "sha1-DAf32A2C9OWmfG+LnD/n9lz9Mq0=",
      "dev": true
    },
    "moment": {
      "version": "2.18.1",
      "resolved": "https://registry.npmjs.org/moment/-/moment-2.18.1.tgz",
      "integrity": "sha1-w2GT3Tzhwu7SrbfIAtu8d6gbHA8="
    },
    "moment-range": {
      "version": "3.0.3",
      "resolved": "https://registry.npmjs.org/moment-range/-/moment-range-3.0.3.tgz",
      "integrity": "sha1-96FWfHMijzF0acszFI6plvecy5o="
    },
    "pkg-dir": {
      "version": "2.0.0",
      "resolved": "https://registry.npmjs.org/pkg-dir/-/pkg-dir-2.0.0.tgz",
      "integrity": "sha1-9tXREJ4Z1j7fQo4L1X4Sd3YVM0s=",
      "dev": true
    },
    "source-map-support": {
      "version": "0.4.15",
      "resolved": "https://registry.npmjs.org/source-map-support/-/source-map-support-0.4.15.tgz",
      "integrity": "sha1-AyAt9lwG0r2MfsI2KhkwVv7407E=",
      "dev": true
    },
    "ts-jest": {
      "version": "20.0.14",
      "resolved": "https://registry.npmjs.org/ts-jest/-/ts-jest-20.0.14.tgz",
      "integrity": "sha512-aygKypLeCKVCpAqxEjpE5j4y4lBbh14UU+puQk/LcH3yBT0nRFQs0NzQoE6vgxhg6p1kl4Q5BkfiJdnuGwzqIg==",
      "dev": true,
      "requires": {
        "babel-core": "^6.24.1",
        "babel-plugin-istanbul": "^4.1.4",
        "babel-plugin-transform-es2015-modules-commonjs": "^6.24.1",
        "babel-preset-jest": "^20.0.3",
        "fs-extra": "^4.0.0",
        "jest-config": "^20.0.0",
        "jest-util": "^20.0.0",
        "pkg-dir": "^2.0.0",
        "source-map-support": "^0.4.4",
        "yargs": "^8.0.1"
      },
      "dependencies": {
        "fs-extra": {
          "version": "4.0.3",
          "resolved": "https://registry.npmjs.org/fs-extra/-/fs-extra-4.0.3.tgz",
          "integrity": "sha512-q6rbdDd1o2mAnQreO7YADIxf/Whx4AHBiRf6d+/cVT8h44ss+lHgxf1FemcqDnQt9X3ct4McHr+JMGlYSsK7Cg==",
          "dev": true,
          "requires": {
            "graceful-fs": "^4.1.2",
            "jsonfile": "^4.0.0",
            "universalify": "^0.1.0"
          }
        },
        "jsonfile": {
          "version": "4.0.0",
          "resolved": "https://registry.npmjs.org/jsonfile/-/jsonfile-4.0.0.tgz",
          "integrity": "sha1-h3Gq4HmbZAdrdmQPygWPnBDjPss=",
          "dev": true,
          "requires": {
            "graceful-fs": "^4.1.6"
          }
        }
      }
    },
    "typescript": {
      "version": "2.3.4",
      "resolved": "https://registry.npmjs.org/typescript/-/typescript-2.3.4.tgz",
      "integrity": "sha1-PTgyGCgjHkNPKHUUlZw3qCtin0I=",
      "dev": true
    },
    "universalify": {
      "version": "0.1.0",
      "resolved": "https://registry.npmjs.org/universalify/-/universalify-0.1.0.tgz",
      "integrity": "sha1-nrHEZR3rzGcMyU8adXYjMruWd3g=",
      "dev": true
    },
    "yargs": {
      "version": "8.0.1",
      "resolved": "https://registry.npmjs.org/yargs/-/yargs-8.0.1.tgz",
      "integrity": "sha1-Qg73XoQMFFeoCtzKm8b6OEneUao=",
      "dev": true,
      "dependencies": {
        "load-json-file": {
          "version": "2.0.0",
          "resolved": "https://registry.npmjs.org/load-json-file/-/load-json-file-2.0.0.tgz",
          "integrity": "sha1-eUfkIUmvgNaWy/eXvKq8/h/inKg="
        },
        "path-type": {
          "version": "2.0.0",
          "resolved": "https://registry.npmjs.org/path-type/-/path-type-2.0.0.tgz",
          "integrity": "sha1-8BLMuEFbcJb8LaoQVMPXI4lZTHM="
        },
        "read-pkg": {
          "version": "2.0.0",
          "resolved": "https://registry.npmjs.org/read-pkg/-/read-pkg-2.0.0.tgz",
          "integrity": "sha1-jvHAYjxqbbDcZxPEv6xGMysjaPg="
        },
        "read-pkg-up": {
          "version": "2.0.0",
          "resolved": "https://registry.npmjs.org/read-pkg-up/-/read-pkg-up-2.0.0.tgz",
          "integrity": "sha1-a3KoBImE4MQeeVEP1en6mbO1Sb4="
        },
        "strip-bom": {
          "version": "3.0.0",
          "resolved": "https://registry.npmjs.org/strip-bom/-/strip-bom-3.0.0.tgz",
          "integrity": "sha1-IzTBjpx1n3vdVv3vfprj1YjmjtM="
        }
      }
    }
  }
}
