{
  "name": "query-pouch-gtfs",
  "version": "2.0.4",
  "lockfileVersion": 1,
  "requires": true,
  "dependencies": {
    "@types/geojson": {
      "version": "7946.0.4",
      "resolved": "https://registry.npmjs.org/@types/geojson/-/geojson-7946.0.4.tgz",
      "integrity": "sha512-MHmwBtCb7OCv1DSivz2UNJXPGU/1btAWRKlqJ2saEhVJkpkvqHMMaOpKg0v4sAbDWSQekHGvPVMM8nQ+Jen03Q==",
      "dev": true
    },
    "@types/jest": {
      "version": "19.2.4",
      "resolved": "https://registry.npmjs.org/@types/jest/-/jest-19.2.4.tgz",
      "integrity": "sha512-w9nmNHHkl9lNeOorjz1a7BLUd6zTa3pakNx2qkKCVtYS44L7taPcJB8l1kQWVOIa7kN08qwlyS11A1nz2yUvWQ==",
      "dev": true
    },
    "@types/moment-range": {
      "version": "3.0.0",
      "resolved": "https://registry.npmjs.org/@types/moment-range/-/moment-range-3.0.0.tgz",
      "integrity": "sha1-LX5hHF6jSZBhFWHAovSoRVZ0vBk=",
      "dev": true
    },
    "@types/pouchdb": {
      "version": "5.4.28",
      "resolved": "https://registry.npmjs.org/@types/pouchdb/-/pouchdb-5.4.28.tgz",
      "integrity": "sha1-mP39JbH/g9D6/lERVZg8yOz6yqo=",
      "dev": true
    },
    "babel-core": {
      "version": "6.24.1",
      "resolved": "https://registry.npmjs.org/babel-core/-/babel-core-6.24.1.tgz",
      "integrity": "sha1-jEKFZNzh4fQfszfsNPTDsCK1rYM=",
      "dev": true
    },
    "babel-plugin-istanbul": {
      "version": "4.1.4",
      "resolved": "https://registry.npmjs.org/babel-plugin-istanbul/-/babel-plugin-istanbul-4.1.4.tgz",
      "integrity": "sha1-GN3oS/POMp/d8/QQP66SFFbY5Yc=",
      "dev": true
    },
    "babel-plugin-transform-es2015-modules-commonjs": {
      "version": "6.24.1",
      "resolved": "https://registry.npmjs.org/babel-plugin-transform-es2015-modules-commonjs/-/babel-plugin-transform-es2015-modules-commonjs-6.24.1.tgz",
      "integrity": "sha1-0+MQtA72ZKNmIiAAl8bUQCmPK/4=",
      "dev": true
    },
    "babel-preset-jest": {
      "version": "20.0.3",
      "resolved": "https://registry.npmjs.org/babel-preset-jest/-/babel-preset-jest-20.0.3.tgz",
      "integrity": "sha1-y6yq3stdaJyh4d4TYOv8ZoYsF4o=",
      "dev": true
    },
    "docuri": {
      "version": "4.2.2",
      "resolved": "https://registry.npmjs.org/docuri/-/docuri-4.2.2.tgz",
      "integrity": "sha1-/cfPiwDvZIGSA0/MtZU5sT+uD24="
    },
    "graceful-fs": {
      "version": "4.1.11",
      "resolved": "https://registry.npmjs.org/graceful-fs/-/graceful-fs-4.1.11.tgz",
      "integrity": "sha1-Dovf5NHduIVNZOBOp8AOKgJuVlg=",
      "dev": true
    },
    "jest": {
      "version": "20.0.4",
      "resolved": "https://registry.npmjs.org/jest/-/jest-20.0.4.tgz",
      "integrity": "sha1-PdJgwpidba1nix6cxNkZRPbWAqw=",
      "dev": true,
      "dependencies": {
        "camelcase": {
          "version": "3.0.0",
          "resolved": "https://registry.npmjs.org/camelcase/-/camelcase-3.0.0.tgz",
          "integrity": "sha1-MvxLn82vhF/N9+c7uXysImHwqwo="
        },
        "jest-cli": {
          "version": "20.0.4",
          "resolved": "https://registry.npmjs.org/jest-cli/-/jest-cli-20.0.4.tgz",
          "integrity": "sha1-5TKxnYiuW8bEF+iwWTpv6VSx3JM="
        },
        "os-locale": {
          "version": "1.4.0",
          "resolved": "https://registry.npmjs.org/os-locale/-/os-locale-1.4.0.tgz",
          "integrity": "sha1-IPnxeuKe00XoveWDsT0gCYA8FNk="
        },
        "string-width": {
          "version": "1.0.2",
          "resolved": "https://registry.npmjs.org/string-width/-/string-width-1.0.2.tgz",
          "integrity": "sha1-EYvfW4zcUaKn5w0hHgfisLmxB9M="
        },
        "which-module": {
          "version": "1.0.0",
          "resolved": "https://registry.npmjs.org/which-module/-/which-module-1.0.0.tgz",
          "integrity": "sha1-u6Y8qGGUiZT/MHc2CJ47lgJsKk8="
        },
        "yargs": {
          "version": "7.1.0",
          "resolved": "https://registry.npmjs.org/yargs/-/yargs-7.1.0.tgz",
          "integrity": "sha1-a6MY6xaWFyf10oT46gA+jWFU0Mg="
        },
        "yargs-parser": {
          "version": "5.0.0",
          "resolved": "https://registry.npmjs.org/yargs-parser/-/yargs-parser-5.0.0.tgz",
          "integrity": "sha1-J17PDX/+Bcd+ZOfIbkzZS/DhIoo="
        }
      }
    },
    "jest-config": {
      "version": "20.0.4",
      "resolved": "https://registry.npmjs.org/jest-config/-/jest-config-20.0.4.tgz",
      "integrity": "sha1-43kwqyIXyRNgXv8T5712PsSPruo=",
      "dev": true
    },
    "jest-util": {
      "version": "20.0.3",
      "resolved": "https://registry.npmjs.org/jest-util/-/jest-util-20.0.3.tgz",
      "integrity": "sha1-DAf32A2C9OWmfG+LnD/n9lz9Mq0=",
      "dev": true
    },
    "moment": {
      "version": "2.18.1",
      "resolved": "https://registry.npmjs.org/moment/-/moment-2.18.1.tgz",
      "integrity": "sha1-w2GT3Tzhwu7SrbfIAtu8d6gbHA8="
    },
    "moment-range": {
      "version": "3.0.3",
      "resolved": "https://registry.npmjs.org/moment-range/-/moment-range-3.0.3.tgz",
      "integrity": "sha1-96FWfHMijzF0acszFI6plvecy5o="
    },
    "pkg-dir": {
      "version": "2.0.0",
      "resolved": "https://registry.npmjs.org/pkg-dir/-/pkg-dir-2.0.0.tgz",
      "integrity": "sha1-9tXREJ4Z1j7fQo4L1X4Sd3YVM0s=",
      "dev": true
    },
    "source-map-support": {
      "version": "0.4.15",
      "resolved": "https://registry.npmjs.org/source-map-support/-/source-map-support-0.4.15.tgz",
      "integrity": "sha1-AyAt9lwG0r2MfsI2KhkwVv7407E=",
      "dev": true
    },
    "ts-jest": {
      "version": "20.0.14",
      "resolved": "https://registry.npmjs.org/ts-jest/-/ts-jest-20.0.14.tgz",
      "integrity": "sha512-aygKypLeCKVCpAqxEjpE5j4y4lBbh14UU+puQk/LcH3yBT0nRFQs0NzQoE6vgxhg6p1kl4Q5BkfiJdnuGwzqIg==",
      "dev": true,
      "requires": {
        "babel-core": "^6.24.1",
        "babel-plugin-istanbul": "^4.1.4",
        "babel-plugin-transform-es2015-modules-commonjs": "^6.24.1",
        "babel-preset-jest": "^20.0.3",
        "fs-extra": "^4.0.0",
        "jest-config": "^20.0.0",
        "jest-util": "^20.0.0",
        "pkg-dir": "^2.0.0",
        "source-map-support": "^0.4.4",
        "yargs": "^8.0.1"
      },
      "dependencies": {
        "fs-extra": {
          "version": "4.0.3",
          "resolved": "https://registry.npmjs.org/fs-extra/-/fs-extra-4.0.3.tgz",
          "integrity": "sha512-q6rbdDd1o2mAnQreO7YADIxf/Whx4AHBiRf6d+/cVT8h44ss+lHgxf1FemcqDnQt9X3ct4McHr+JMGlYSsK7Cg==",
          "dev": true,
          "requires": {
            "graceful-fs": "^4.1.2",
            "jsonfile": "^4.0.0",
            "universalify": "^0.1.0"
          }
        },
        "jsonfile": {
          "version": "4.0.0",
          "resolved": "https://registry.npmjs.org/jsonfile/-/jsonfile-4.0.0.tgz",
          "integrity": "sha1-h3Gq4HmbZAdrdmQPygWPnBDjPss=",
          "dev": true,
          "requires": {
            "graceful-fs": "^4.1.6"
          }
        }
      }
    },
    "typescript": {
      "version": "2.3.4",
      "resolved": "https://registry.npmjs.org/typescript/-/typescript-2.3.4.tgz",
      "integrity": "sha1-PTgyGCgjHkNPKHUUlZw3qCtin0I=",
      "dev": true
    },
    "universalify": {
      "version": "0.1.0",
      "resolved": "https://registry.npmjs.org/universalify/-/universalify-0.1.0.tgz",
      "integrity": "sha1-nrHEZR3rzGcMyU8adXYjMruWd3g=",
      "dev": true
    },
    "yargs": {
      "version": "8.0.1",
      "resolved": "https://registry.npmjs.org/yargs/-/yargs-8.0.1.tgz",
      "integrity": "sha1-Qg73XoQMFFeoCtzKm8b6OEneUao=",
      "dev": true,
      "dependencies": {
        "load-json-file": {
          "version": "2.0.0",
          "resolved": "https://registry.npmjs.org/load-json-file/-/load-json-file-2.0.0.tgz",
          "integrity": "sha1-eUfkIUmvgNaWy/eXvKq8/h/inKg="
        },
        "path-type": {
          "version": "2.0.0",
          "resolved": "https://registry.npmjs.org/path-type/-/path-type-2.0.0.tgz",
          "integrity": "sha1-8BLMuEFbcJb8LaoQVMPXI4lZTHM="
        },
        "read-pkg": {
          "version": "2.0.0",
          "resolved": "https://registry.npmjs.org/read-pkg/-/read-pkg-2.0.0.tgz",
          "integrity": "sha1-jvHAYjxqbbDcZxPEv6xGMysjaPg="
        },
        "read-pkg-up": {
          "version": "2.0.0",
          "resolved": "https://registry.npmjs.org/read-pkg-up/-/read-pkg-up-2.0.0.tgz",
          "integrity": "sha1-a3KoBImE4MQeeVEP1en6mbO1Sb4="
        },
        "strip-bom": {
          "version": "3.0.0",
          "resolved": "https://registry.npmjs.org/strip-bom/-/strip-bom-3.0.0.tgz",
          "integrity": "sha1-IzTBjpx1n3vdVv3vfprj1YjmjtM="
        }
      }
    }
  }
}
